
Microsoft Visual Studio Solution File, Format Version 12.00
# Visual Studio Version 17
VisualStudioVersion = 17.2.32505.173
MinimumVisualStudioVersion = 10.0.40219.1
Project("{9A19103F-16F7-4668-BE54-9A1E7A4F7556}") = "Utility", "utility\Utility.csproj", "{CAA69105-9F82-4B43-89E2-5EF6E035EA6E}"
EndProject
Project("{9A19103F-16F7-4668-BE54-9A1E7A4F7556}") = "CartService", "cart-service\CartService.csproj", "{C2962C06-995E-4DEE-991F-5A31F29565AE}"
EndProject
Project("{9A19103F-16F7-4668-BE54-9A1E7A4F7556}") = "CatalogueService", "catalogue-service\CatalogueService.csproj", "{627AD8A0-2EFB-441C-8811-76CDA77D9647}"
EndProject
Project("{9A19103F-16F7-4668-BE54-9A1E7A4F7556}") = "CheckoutService", "checkout-service\CheckoutService.csproj", "{341C6657-1F58-4046-AB29-6A1648FC4A00}"
EndProject
Project("{9A19103F-16F7-4668-BE54-9A1E7A4F7556}") = "ShippingService", "shipping-service\ShippingService.csproj", "{02B78A2D-A8D1-4D9B-BF0F-FC387F949085}"
EndProject
Project("{9A19103F-16F7-4668-BE54-9A1E7A4F7556}") = "DynamicQL.Authentication", "DynamicQL.Authentication\DynamicQL.Authentication.csproj", "{D40265B7-1586-404E-826B-092D6BE66305}"
EndProject
Project("{9A19103F-16F7-4668-BE54-9A1E7A4F7556}") = "DynamicQL.Authentication.Jwt", "DynamicQL.Authentication.Jwt\DynamicQL.Authentication.Jwt.csproj", "{14124CFD-209D-485D-A6B4-41ADBB076A41}"
EndProject
Project("{FAE04EC0-301F-11D3-BF4B-00C04F79EFBC}") = "AuthenticationService", "AuthenticationService\AuthenticationService.csproj", "{238C9001-195C-427A-9798-B0C51C94A497}"
EndProject
Project("{FAE04EC0-301F-11D3-BF4B-00C04F79EFBC}") = "DynamicQL", "DynamicQL\DynamicQL.csproj", "{72D255AB-27DB-4B69-8402-701293DE175E}"
EndProject
Global
	GlobalSection(SolutionConfigurationPlatforms) = preSolution
		Debug|Any CPU = Debug|Any CPU
		Release|Any CPU = Release|Any CPU
	EndGlobalSection
	GlobalSection(ProjectConfigurationPlatforms) = postSolution
		{CAA69105-9F82-4B43-89E2-5EF6E035EA6E}.Debug|Any CPU.ActiveCfg = Debug|Any CPU
		{CAA69105-9F82-4B43-89E2-5EF6E035EA6E}.Debug|Any CPU.Build.0 = Debug|Any CPU
		{CAA69105-9F82-4B43-89E2-5EF6E035EA6E}.Release|Any CPU.ActiveCfg = Release|Any CPU
		{CAA69105-9F82-4B43-89E2-5EF6E035EA6E}.Release|Any CPU.Build.0 = Release|Any CPU
		{C2962C06-995E-4DEE-991F-5A31F29565AE}.Debug|Any CPU.ActiveCfg = Debug|Any CPU
		{C2962C06-995E-4DEE-991F-5A31F29565AE}.Debug|Any CPU.Build.0 = Debug|Any CPU
		{C2962C06-995E-4DEE-991F-5A31F29565AE}.Release|Any CPU.ActiveCfg = Release|Any CPU
		{C2962C06-995E-4DEE-991F-5A31F29565AE}.Release|Any CPU.Build.0 = Release|Any CPU
		{627AD8A0-2EFB-441C-8811-76CDA77D9647}.Debug|Any CPU.ActiveCfg = Debug|Any CPU
		{627AD8A0-2EFB-441C-8811-76CDA77D9647}.Debug|Any CPU.Build.0 = Debug|Any CPU
		{627AD8A0-2EFB-441C-8811-76CDA77D9647}.Release|Any CPU.ActiveCfg = Release|Any CPU
		{627AD8A0-2EFB-441C-8811-76CDA77D9647}.Release|Any CPU.Build.0 = Release|Any CPU
		{341C6657-1F58-4046-AB29-6A1648FC4A00}.Debug|Any CPU.ActiveCfg = Debug|Any CPU
		{341C6657-1F58-4046-AB29-6A1648FC4A00}.Debug|Any CPU.Build.0 = Debug|Any CPU
		{341C6657-1F58-4046-AB29-6A1648FC4A00}.Release|Any CPU.ActiveCfg = Release|Any CPU
		{341C6657-1F58-4046-AB29-6A1648FC4A00}.Release|Any CPU.Build.0 = Release|Any CPU
		{02B78A2D-A8D1-4D9B-BF0F-FC387F949085}.Debug|Any CPU.ActiveCfg = Debug|Any CPU
		{02B78A2D-A8D1-4D9B-BF0F-FC387F949085}.Debug|Any CPU.Build.0 = Debug|Any CPU
		{02B78A2D-A8D1-4D9B-BF0F-FC387F949085}.Release|Any CPU.ActiveCfg = Release|Any CPU
		{02B78A2D-A8D1-4D9B-BF0F-FC387F949085}.Release|Any CPU.Build.0 = Release|Any CPU
		{D40265B7-1586-404E-826B-092D6BE66305}.Debug|Any CPU.ActiveCfg = Debug|Any CPU
		{D40265B7-1586-404E-826B-092D6BE66305}.Debug|Any CPU.Build.0 = Debug|Any CPU
		{D40265B7-1586-404E-826B-092D6BE66305}.Release|Any CPU.ActiveCfg = Release|Any CPU
		{D40265B7-1586-404E-826B-092D6BE66305}.Release|Any CPU.Build.0 = Release|Any CPU
		{14124CFD-209D-485D-A6B4-41ADBB076A41}.Debug|Any CPU.ActiveCfg = Debug|Any CPU
		{14124CFD-209D-485D-A6B4-41ADBB076A41}.Debug|Any CPU.Build.0 = Debug|Any CPU
		{14124CFD-209D-485D-A6B4-41ADBB076A41}.Release|Any CPU.ActiveCfg = Release|Any CPU
		{14124CFD-209D-485D-A6B4-41ADBB076A41}.Release|Any CPU.Build.0 = Release|Any CPU
		{238C9001-195C-427A-9798-B0C51C94A497}.Debug|Any CPU.ActiveCfg = Debug|Any CPU
		{238C9001-195C-427A-9798-B0C51C94A497}.Debug|Any CPU.Build.0 = Debug|Any CPU
		{238C9001-195C-427A-9798-B0C51C94A497}.Release|Any CPU.ActiveCfg = Release|Any CPU
		{238C9001-195C-427A-9798-B0C51C94A497}.Release|Any CPU.Build.0 = Release|Any CPU
		{72D255AB-27DB-4B69-8402-701293DE175E}.Debug|Any CPU.ActiveCfg = Debug|Any CPU
		{72D255AB-27DB-4B69-8402-701293DE175E}.Debug|Any CPU.Build.0 = Debug|Any CPU
		{72D255AB-27DB-4B69-8402-701293DE175E}.Release|Any CPU.ActiveCfg = Release|Any CPU
		{72D255AB-27DB-4B69-8402-701293DE175E}.Release|Any CPU.Build.0 = Release|Any CPU
	EndGlobalSection
	GlobalSection(SolutionProperties) = preSolution
		HideSolutionNode = FALSE
	EndGlobalSection
	GlobalSection(ExtensibilityGlobals) = postSolution
		SolutionGuid = {CE1237A8-362F-4C9A-B1F9-307419E195F6}
	EndGlobalSection
EndGlobal
